schema: '2.0'
stages:
  tiler:
    cmd: C:\Develop\Python\Python37\python.exe ..\..\tools\Tiler\tiler.py
    deps:
    - path: ..\..\tools\Tiler\tiler.py
      md5: b21cfbbc447f607bf9a41b4b95e79fce
      size: 4322
    - path: ..\raw\environment
      md5: b875a0fb313e75c382028e53c0df9437.dir
      size: 171018
      nfiles: 2
    - path: ..\raw\inventory
      md5: f4523151e55fc6ad815778f396d78c7c.dir
      size: 74820
      nfiles: 4
    outs:
    - path: ..\..\logs\tiler_log.txt
      md5: 64c7689ad54507ef3d9b434305ff676e
      size: 289
  recliner2gcbm_x64:
    cmd: tools\Recliner2GCBM-x64\Recliner2GCBM.exe -c input_database\recliner2gcbm_config.json
    deps:
    - path: input_database\ArchiveIndex_Beta_Install.mdb
      md5: ccd49898148c11e263bebef271f1bee7
      size: 3948544
    - path: input_database\Growth_Curves.csv
      md5: da8966db429badd5475f6c78c0bf6e2b
      size: 15236
    - path: input_database\gcbm_input.db
      md5: 4171522604a34a4a6430286b554e3982
      size: 1544192
    - path: input_database\recliner2gcbm_config.json
      md5: 2330cdd4e564c0fb85cd49cef2961ec2
      size: 6251
    - path: tools\recliner2gcbm-x64\recliner2gcbm.exe
      md5: a45c702ad1c9aff92edc6493cff99450
      size: 6656
  add_species_vol_to_bio:
    cmd: C:\Develop\Python\Python37\python.exe input_database\add_species_vol_to_bio.py
      input_database\gcbm_input.db
    deps:
    - path: input_database\add_species_vol_to_bio.py
      md5: d819622c127ca778f99d2e8eb9e5efc4
      size: 3012
    - path: input_database\gcbm_input.db
      md5: 106a885f18b29417d6cd2efa0093b60a
      size: 1544192
  modify_root_parameters:
    cmd: C:\Develop\Python\Python37\python.exe input_database\modify_root_parameters.py
      input_database\gcbm_input.db
    deps:
    - path: input_database\gcbm_input.db
      md5: 366e839cf0890838c636b9c1ae63c443
      size: 1544192
    - path: input_database\modify_root_parameters.py
      md5: bbb360bcc55ad3bb0aaf4bdac1802a5e
      size: 1031
  modify_turnover_parameters:
    cmd: C:\Develop\Python\Python37\python.exe input_database\modify_turnover_parameters.py
      input_database\gcbm_input.db
    deps:
    - path: input_database\custom_parameters\turnover_parameters.csv
      md5: 854a070d01b3cedc5a54e00906669ca2
      size: 1023
    - path: input_database\gcbm_input.db
      md5: fb50dc1cf6ae35aca8aa1adde963583a
      size: 1544192
    - path: input_database\modify_turnover_parameters.py
      md5: 84825f833a0dba6c65db9aedf94797a2
      size: 1217
  modify_decay_parameters:
    cmd: C:\Develop\Python\Python37\python.exe input_database\modify_decay_parameters.py
      input_database\gcbm_input.db
    deps:
    - path: input_database\custom_parameters\decay_parameters.csv
      md5: 6c21ebbe9e192e5502f5510ddb89542e
      size: 1496
    - path: input_database\gcbm_input.db
      md5: 91cb126bd58dfcf6833cebab18371fc0
      size: 1544192
    - path: input_database\modify_decay_parameters.py
      md5: 55588114a0e80fca083fbfd27bda22ae
      size: 1207
  modify_spinup_parameters:
    cmd: C:\Develop\Python\Python37\python.exe input_database\modify_spinup_parameters.py
      input_database\gcbm_input.db
    deps:
    - path: input_database\gcbm_input.db
      md5: d9aa6a8ba74a3bf91383d429ef90350e
      size: 1544192
    - path: input_database\modify_spinup_parameters.py
      md5: b51a7083a95558aa11726b514fc9db78
      size: 1158
  update_GCBM_configuration:
    cmd: update_gcbm_configuration.bat
    deps:
    - path: ..\input_database\gcbm_input.db
      md5: d9aa6a8ba74a3bf91383d429ef90350e
      size: 1544192
    - path: ..\layers\tiled
      md5: bd8cdc0961b99a871bedc92b0dcadc89.dir
      size: 44571
      nfiles: 8
    - path: ..\tools\tiler\update_gcbm_config.py
      md5: 3e04cbc0ee3588cc13f711750b8cda1e
      size: 18002
    - path: templates
      md5: 047934a7ec23802205598f4c06e8ed39.dir
      size: 115691
      nfiles: 11
    - path: update_gcbm_configuration.bat
      md5: fdf70bd20ab1709935d11a647152efc7
      size: 1038
    outs:
    - path: ..\logs\update_gcbm_config.log
      md5: 6c3ecc8de9dfe94ce8b9054aedf28e6a
      size: 586
  run_gcbm:
    cmd: run_gcbm.bat
    deps:
    - path: ..\input_database\gcbm_input.db
      md5: d9aa6a8ba74a3bf91383d429ef90350e
      size: 1544192
    - path: ..\tools\GCBM\moja.cli.exe
      md5: 22ea736fd836612c2d9a8330572cdcff
      size: 125440
    - path: gcbm_config.cfg
      md5: 4ba9c157d6b3d8462bae8be993063fcc
      size: 176
    - path: output\gcbm_output.db
      md5: 4e12b8a125c94386b6b3d789b8b0b946
      size: 196608
    - path: provider_config.json
      md5: 5e2d7a51341de83dc259ffecda8d2dcc
      size: 978
    - path: run_gcbm.bat
      md5: d850f4fa2697cb2eaa87e00b553768c8
      size: 789
    outs:
    - path: ..\logs\Moja_Debug.log
      md5: f59ac62ffc37162a4565ea5325430c51
      size: 269718
  create_tiffs:
    cmd: create_tiffs.bat
    deps:
    - path: ..\..\gcbm_project\output
      md5: 92dbbf8d8af17d1216d3c40edf1e04b7.dir
      size: 196608
      nfiles: 1
    - path: create_tiffs.bat
      md5: 7afea9d404dabd2efcd50ef3bde0f962
      size: 1034
    - path: create_tiffs.py
      md5: 24fe644eb30b67b82ea38f3c6e6211ad
      size: 5675
    outs:
    - path: ..\..\logs\create_tiffs.log
      md5: bcf53fee8b56bd47c2fa254348d0a9c5
      size: 13330
    - path: ..\..\processed_output\spatial
      md5: adec720f98be523af9b862f10fb5d4a2.dir
      size: 6637371
      nfiles: 198
  compile_results:
    cmd: compileGCBMResults.bat
    deps:
    - path: ..\..\gcbm_project\output\gcbm_output.db
      md5: 9dba2cf84c3d92665291970677cfccd4
      size: 557056
    - path: ..\..\processed_output\compiled_gcbm_output.db
      md5: 08440f0362fbfdb67141e496d89c2257
      size: 3350528
    - path: compileGCBMResults.bat
      md5: 9d9372e41d38eac02690ea9104cdaeba
      size: 551
    - path: compileresults.json
      md5: c1664af923128ae8641b521fc330f439
      size: 17854
    - path: compileresults.py
      md5: da1f6e4096059269778566aac39d4c72
      size: 14135
  post_processing:
    cmd:
    - C:\Develop\R-4.1.3\bin\R.exe CMD BATCH Summarize_DOM_Stocks.R
    - C:\Develop\Python\Python37\python.exe analyze.py
    deps:
    - path: ..\Standalone_GCBM\processed_output\compiled_gcbm_output.db
      md5: 08440f0362fbfdb67141e496d89c2257
      size: 3350528
    - path: Rplots.pdf
      md5: ccb56f9f0d1cac07c14eb7dc1f8486b2
      size: 105469
    - path: Summarize_DOM_Stocks.R
      md5: 6e592625d1b1bb030d32767f89214fa5
      size: 5805
    - path: Tables
      md5: c7be53653ae48765af8040ecf7c22ee9.dir
      size: 2032404
      nfiles: 17
    outs:
    - path: Figures\Belize_Sensitivity_TropicalDry.png
      md5: eea5e730437122385c9f1becf711a4d1
      size: 105156
    - path: Figures\Belize_Sensitivity_TropicalMoist.png
      md5: 58e665a32a50e29414ade7e4b041a5d9
      size: 102725
    - path: Figures\Belize_Sensitivity_TropicalPremontane.png
      md5: 7428975dbea40d1544c5404e8fce7096
      size: 107224
    - path: metrics\1900-1950_Deadwood_Tropical_Dry.json
      md5: 2c2720f4cf6796a1d3ee4de006133c79
      size: 115
    - path: metrics\1900-1950_Deadwood_Tropical_Moist.json
      md5: da5c71d031638a7a9ab386706a6dcd8c
      size: 115
    - path: metrics\1900-1950_Deadwood_Tropical_Premontane_Wet.json
      md5: 537952326a21381dd7d27f5b019a7fd5
      size: 115
    - path: metrics\1900-1950_Litter_Tropical_Dry.json
      md5: 747648c101e20511c592acacb88d5408
      size: 114
    - path: metrics\1900-1950_Litter_Tropical_Moist.json
      md5: 0a523fb701849ddc6d66953484ee6db4
      size: 114
    - path: metrics\1900-1950_Litter_Tropical_Premontane_Wet.json
      md5: f3cf091f787b7e8b7f4c60eb9382a8ca
      size: 114
    - path: metrics\1900-1950_Soil Carbon_Tropical_Dry.json
      md5: b95b745578c8793b43c4bec48d29ddb0
      size: 116
    - path: metrics\1900-1950_Soil Carbon_Tropical_Moist.json
      md5: 177f8f9f05081a76fac54e7d2a214fcd
      size: 115
    - path: metrics\1900-1950_Soil Carbon_Tropical_Premontane_Wet.json
      md5: e5c059f99d13f7dfac265d36bc55b39d
      size: 115
    - path: metrics\1900-1950_Total Biomass_Tropical_Dry.json
      md5: 01938fc50f46101928ba5fabbf32794e
      size: 116
    - path: metrics\1900-1950_Total Biomass_Tropical_Moist.json
      md5: 754785980260462909c897eaef69c7fc
      size: 116
    - path: metrics\1900-1950_Total Biomass_Tropical_Premontane_Wet.json
      md5: a90f8c837982728df9e8cc0f9cd4eec7
      size: 116
    - path: metrics\1951-2000_Deadwood_Tropical_Dry.json
      md5: 5dea82ea31384e7fa3778a09ae32d8e6
      size: 116
    - path: metrics\1951-2000_Deadwood_Tropical_Moist.json
      md5: 101a0f947bcae87a824d7f1c992e16e8
      size: 115
    - path: metrics\1951-2000_Deadwood_Tropical_Premontane_Wet.json
      md5: 5279ec7f97b1860cbec54e0eb9fc87a7
      size: 115
    - path: metrics\1951-2000_Litter_Tropical_Dry.json
      md5: 11894e1f9d1c5470e8b78edc6ff617dc
      size: 116
    - path: metrics\1951-2000_Litter_Tropical_Moist.json
      md5: bbca384a446bcf974fee6147f1ae4fb2
      size: 115
    - path: metrics\1951-2000_Litter_Tropical_Premontane_Wet.json
      md5: beebf61aef6c065d1679e5ed94f41497
      size: 115
    - path: metrics\1951-2000_Soil Carbon_Tropical_Dry.json
      md5: e2c0656740637c24fe34b37338fb574a
      size: 116
    - path: metrics\1951-2000_Soil Carbon_Tropical_Moist.json
      md5: 883415cd012846ab6903a6a39a1d0995
      size: 115
    - path: metrics\1951-2000_Soil Carbon_Tropical_Premontane_Wet.json
      md5: 47dc5b082c9729a35f4bed57937132a0
      size: 115
    - path: metrics\1951-2000_Total Biomass_Tropical_Dry.json
      md5: 0d3d602842c650ca64d2643ca97ba306
      size: 118
    - path: metrics\1951-2000_Total Biomass_Tropical_Moist.json
      md5: 9783042cb03b8a412f6ca267963da984
      size: 117
    - path: metrics\1951-2000_Total Biomass_Tropical_Premontane_Wet.json
      md5: ca2b8e1d8a2317913a8199bdac44fe16
      size: 116
    - path: metrics\2001-2050_Deadwood_Tropical_Dry.json
      md5: 956b597dd0348cf928b7f865465c32da
      size: 116
    - path: metrics\2001-2050_Deadwood_Tropical_Moist.json
      md5: 6929567932be656efee16b0232264735
      size: 115
    - path: metrics\2001-2050_Deadwood_Tropical_Premontane_Wet.json
      md5: c170ffe497c6af30521edeb5c081d980
      size: 115
    - path: metrics\2001-2050_Litter_Tropical_Dry.json
      md5: 819ad999b3561e2ce6a02f2db75d02ea
      size: 116
    - path: metrics\2001-2050_Litter_Tropical_Moist.json
      md5: a692017001e375574c7fd28d38ed037a
      size: 115
    - path: metrics\2001-2050_Litter_Tropical_Premontane_Wet.json
      md5: c8321be30a8c7551e277ace9e432a221
      size: 115
    - path: metrics\2001-2050_Soil Carbon_Tropical_Dry.json
      md5: dee514c89052ecb9ef2b7076944059d6
      size: 116
    - path: metrics\2001-2050_Soil Carbon_Tropical_Moist.json
      md5: d4be77bfc9fbe5c758b0c28be0f51335
      size: 115
    - path: metrics\2001-2050_Soil Carbon_Tropical_Premontane_Wet.json
      md5: e38e419b1d3a65299dd57002989b17bf
      size: 115
    - path: metrics\2001-2050_Total Biomass_Tropical_Dry.json
      md5: b0f0d783e0489e50326757069bae7239
      size: 118
    - path: metrics\2001-2050_Total Biomass_Tropical_Moist.json
      md5: 904e100cdd7633a386b8185b580af839
      size: 117
    - path: metrics\2001-2050_Total Biomass_Tropical_Premontane_Wet.json
      md5: b38fbd6b16b02df9b069a8c1140bb535
      size: 116
