schema: '2.0'
stages:
  tiler:
    cmd: C:\Develop\Python\Python37\python.exe ..\..\tools\Tiler\tiler.py
    deps:
    - path: ..\..\tools\Tiler\tiler.py
      md5: b21cfbbc447f607bf9a41b4b95e79fce
      size: 4322
    - path: ..\raw\environment
      md5: b875a0fb313e75c382028e53c0df9437.dir
      size: 171018
      nfiles: 2
    - path: ..\raw\inventory
      md5: f4523151e55fc6ad815778f396d78c7c.dir
      size: 74820
      nfiles: 4
  recliner2gcbm_x64:
    cmd: tools\Recliner2GCBM-x64\Recliner2GCBM.exe -c input_database\recliner2gcbm_config.json
    deps:
    - path: input_database\gcbm_input.db
      md5: 4171522604a34a4a6430286b554e3982
      size: 1544192
    - path: tools\recliner2gcbm-x64\recliner2gcbm.exe
      md5: a45c702ad1c9aff92edc6493cff99450
      size: 6656
  add_species_vol_to_bio:
    cmd: C:\Develop\Python\Python37\python.exe input_database\add_species_vol_to_bio.py
      input_database\gcbm_input.db
    deps:
    - path: input_database\add_species_vol_to_bio.py
      md5: d819622c127ca778f99d2e8eb9e5efc4
      size: 3012
    - path: input_database\gcbm_input.db
      md5: 106a885f18b29417d6cd2efa0093b60a
      size: 1544192
  modify_root_parameters:
    cmd: C:\Develop\Python\Python37\python.exe input_database\modify_root_parameters.py
      input_database\gcbm_input.db
    deps:
    - path: input_database\gcbm_input.db
      md5: 366e839cf0890838c636b9c1ae63c443
      size: 1544192
    - path: input_database\modify_root_parameters.py
      md5: bbb360bcc55ad3bb0aaf4bdac1802a5e
      size: 1031
  modify_turnover_parameters:
    cmd: C:\Develop\Python\Python37\python.exe input_database\modify_turnover_parameters.py
      input_database\gcbm_input.db
    deps:
    - path: input_database\gcbm_input.db
      md5: 48b0749025cd653dcc000c5a9ce35dec
      size: 1544192
    - path: input_database\modify_turnover_parameters.py
      md5: 84825f833a0dba6c65db9aedf94797a2
      size: 1217
